interactions:
- request:
    body: '{"parent": {"page_id": "95ba011667764c199e4554e77415f03b"}, "properties":
      {"title": [{"text": {"content": "Test 2023-06-29 15:07:33.212315"}}]}, "children":
      []}'
    headers:
      accept:
      - '*/*'
      accept-encoding:
      - gzip, deflate
      authorization:
      - secret_...
      connection:
      - keep-alive
      content-length:
      - '160'
      content-type:
      - application/json
      host:
      - api.notion.com
      notion-version:
      - '2022-06-28'
    method: POST
    uri: https://api.notion.com/v1/pages
  response:
    content: '{"object":"page","id":"f31c9c79-8446-48a2-bf3a-72fdac5f96ec","created_time":"2023-06-29T13:07:00.000Z","last_edited_time":"2023-06-29T13:07:00.000Z","created_by":{"object":"user","id":"7775f3a3-893f-43fa-b625-460c61094c78"},"last_edited_by":{"object":"user","id":"7775f3a3-893f-43fa-b625-460c61094c78"},"cover":null,"icon":null,"parent":{"type":"page_id","page_id":"95ba0116-6776-4c19-9e45-54e77415f03b"},"archived":false,"properties":{"title":{"id":"title","type":"title","title":[{"type":"text","text":{"content":"Test
      2023-06-29 15:07:33.212315","link":null},"annotations":{"bold":false,"italic":false,"strikethrough":false,"underline":false,"code":false,"color":"default"},"plain_text":"Test
      2023-06-29 15:07:33.212315","href":null}]}},"url":"https://www.notion.so/Test-2023-06-29-15-07-33-212315-f31c9c79844648a2bf3a72fdac5f96ec","public_url":null}'
    headers: {}
    http_version: HTTP/1.1
    status_code: 200
- request:
    body: '{"children": [{"paragraph": {"rich_text": [{"text": {"content": "I''m a
      paragraph."}}]}}]}'
    headers:
      accept:
      - '*/*'
      accept-encoding:
      - gzip, deflate
      authorization:
      - secret_...
      connection:
      - keep-alive
      content-length:
      - '89'
      content-type:
      - application/json
      host:
      - api.notion.com
      notion-version:
      - '2022-06-28'
    method: PATCH
    uri: https://api.notion.com/v1/blocks/f31c9c79-8446-48a2-bf3a-72fdac5f96ec/children
  response:
    content: '{"object":"list","results":[{"object":"block","id":"65670ec2-ac42-4b09-842a-53f22985a4fd","parent":{"type":"page_id","page_id":"f31c9c79-8446-48a2-bf3a-72fdac5f96ec"},"created_time":"2023-06-29T13:07:00.000Z","last_edited_time":"2023-06-29T13:07:00.000Z","created_by":{"object":"user","id":"7775f3a3-893f-43fa-b625-460c61094c78"},"last_edited_by":{"object":"user","id":"7775f3a3-893f-43fa-b625-460c61094c78"},"has_children":false,"archived":false,"type":"paragraph","paragraph":{"rich_text":[{"type":"text","text":{"content":"I''m
      a paragraph.","link":null},"annotations":{"bold":false,"italic":false,"strikethrough":false,"underline":false,"code":false,"color":"default"},"plain_text":"I''m
      a paragraph.","href":null}],"color":"default"}}],"next_cursor":null,"has_more":false,"type":"block","block":{}}'
    headers: {}
    http_version: HTTP/1.1
    status_code: 200
- request:
    body: ''
    headers:
      accept:
      - '*/*'
      accept-encoding:
      - gzip, deflate
      authorization:
      - secret_...
      connection:
      - keep-alive
      host:
      - api.notion.com
      notion-version:
      - '2022-06-28'
    method: GET
    uri: https://api.notion.com/v1/blocks/65670ec2-ac42-4b09-842a-53f22985a4fd
  response:
    content: '{"object":"block","id":"65670ec2-ac42-4b09-842a-53f22985a4fd","parent":{"type":"page_id","page_id":"f31c9c79-8446-48a2-bf3a-72fdac5f96ec"},"created_time":"2023-06-29T13:07:00.000Z","last_edited_time":"2023-06-29T13:07:00.000Z","created_by":{"object":"user","id":"7775f3a3-893f-43fa-b625-460c61094c78"},"last_edited_by":{"object":"user","id":"7775f3a3-893f-43fa-b625-460c61094c78"},"has_children":false,"archived":false,"type":"paragraph","paragraph":{"rich_text":[{"type":"text","text":{"content":"I''m
      a paragraph.","link":null},"annotations":{"bold":false,"italic":false,"strikethrough":false,"underline":false,"code":false,"color":"default"},"plain_text":"I''m
      a paragraph.","href":null}],"color":"default"}}'
    headers: {}
    http_version: HTTP/1.1
    status_code: 200
- request:
    body: ''
    headers:
      accept:
      - '*/*'
      accept-encoding:
      - gzip, deflate
      authorization:
      - secret_...
      connection:
      - keep-alive
      host:
      - api.notion.com
      notion-version:
      - '2022-06-28'
    method: DELETE
    uri: https://api.notion.com/v1/blocks/65670ec2-ac42-4b09-842a-53f22985a4fd
  response:
    content: '{"object":"block","id":"65670ec2-ac42-4b09-842a-53f22985a4fd","parent":{"type":"page_id","page_id":"f31c9c79-8446-48a2-bf3a-72fdac5f96ec"},"created_time":"2023-06-29T13:07:00.000Z","last_edited_time":"2023-06-29T13:07:00.000Z","created_by":{"object":"user","id":"7775f3a3-893f-43fa-b625-460c61094c78"},"last_edited_by":{"object":"user","id":"7775f3a3-893f-43fa-b625-460c61094c78"},"has_children":false,"archived":true,"type":"paragraph","paragraph":{"rich_text":[{"type":"text","text":{"content":"I''m
      a paragraph.","link":null},"annotations":{"bold":false,"italic":false,"strikethrough":false,"underline":false,"code":false,"color":"default"},"plain_text":"I''m
      a paragraph.","href":null}],"color":"default"}}'
    headers: {}
    http_version: HTTP/1.1
    status_code: 200
- request:
    body: ''
    headers:
      accept:
      - '*/*'
      accept-encoding:
      - gzip, deflate
      authorization:
      - secret_...
      connection:
      - keep-alive
      host:
      - api.notion.com
      notion-version:
      - '2022-06-28'
    method: DELETE
    uri: https://api.notion.com/v1/blocks/f31c9c79-8446-48a2-bf3a-72fdac5f96ec
  response:
    content: '{"object":"block","id":"f31c9c79-8446-48a2-bf3a-72fdac5f96ec","parent":{"type":"page_id","page_id":"95ba0116-6776-4c19-9e45-54e77415f03b"},"created_time":"2023-06-29T13:07:00.000Z","last_edited_time":"2023-06-29T13:07:00.000Z","created_by":{"object":"user","id":"7775f3a3-893f-43fa-b625-460c61094c78"},"last_edited_by":{"object":"user","id":"7775f3a3-893f-43fa-b625-460c61094c78"},"has_children":false,"archived":true,"type":"child_page","child_page":{"title":"Test
      2023-06-29 15:07:33.212315"}}'
    headers: {}
    http_version: HTTP/1.1
    status_code: 200
version: 1
