interactions:
- request:
    body: '{"parent":{"page_id":"95ba011667764c199e4554e77415f03b"},"properties":{"title":[{"text":{"content":"Test
      2024-12-30 18:36:45.586915"}}]},"children":[]}'
    headers:
      accept:
      - '*/*'
      accept-encoding:
      - gzip, deflate
      authorization:
      - ntn_...
      connection:
      - keep-alive
      content-length:
      - '151'
      content-type:
      - application/json
      host:
      - api.notion.com
      notion-version:
      - '2022-06-28'
    method: POST
    uri: https://api.notion.com/v1/pages
  response:
    body:
      string: !!binary |
        H4sIAAAAAAAAA6yTzW7bMAzHX6Xg2Uol68vWc/S0YQgkmW7UapYny82KIO8+yGmSbqcedhJJEH/+
        SIonSO4FfQEDs31GaCAMYIApb51nSHDwA+kYjsQ5LcjYUcmt0r0VHBrwGW3BYV/CTwQDLW0FYS3h
        9Ilpw5WhdEcp/QYNRLuUPQ7ha9lXXfcO5nQnXBfMV0KttRy55aTr+UgEHy1xqpVEKOoVo73wuoPz
        34X/g5xPb5jBTGuMDQSfpqs924xTqfrlfcaPce7DAM3NMtBLZyljiiitFRGe9aRHIYkUqLVgcqTc
        1So2+0N4wwHMaOOCDYRpX7JdDrfAnNOMuQRctpKhRKzGVuXiNVeQm3tJ+n4jLPi71Hh9zAl8msrW
        AjzhUh7u63lgXV2PkDvZqZ7Jus4wvV46r7TTlIotIU0bjEvxE3ixMfibu5QcXrEcclqf782s04A5
        hglvEZ+Gz05MGQwMONo1ljqgOdo6ko38C7iHjOMH7o/zuYE1RzBwKGVezOPj8XjcTany75b0WNXI
        XY2wjnBF6pI2NXI9jXoZ9TDqXfxzFvPqYvD7rcrld2T8teJSLr9ADr2yoxOEuaElgklPLO80YT2n
        HJ3grPVw/gMAAP//AwCMVxohmgMAAA==
    headers: {}
    status:
      code: 200
      message: OK
- request:
    body: '{"children":[{"paragraph":{"rich_text":[{"text":{"content":"I''m a paragraph."}}]}}]}'
    headers:
      accept:
      - '*/*'
      accept-encoding:
      - gzip, deflate
      authorization:
      - ntn_...
      connection:
      - keep-alive
      content-length:
      - '84'
      content-type:
      - application/json
      host:
      - api.notion.com
      notion-version:
      - '2022-06-28'
    method: PATCH
    uri: https://api.notion.com/v1/blocks/16cabc1e-edcd-81ef-bb74-f8053a679a43/children
  response:
    body:
      string: !!binary |
        H4sIAAAAAAAAAwAAAP//rFNNj9sgEP0rq7n0Yla2scHhH/TeU6vKGsN4TUNwCrjalZX/XhEn3qjd
        Qw89MV883rwZVpiHH6QTKHA2JiggUFxciqC+re+5wc36CAVYAwoqoXHQFTEy2rCuqivWaeTMYEdC
        1LVsBIcCzhjIJ1ArpLczgYIzvlBvzTW1WX9j0ciGQTZs7MqWo5AHbDhcCtCBMJHpkz1lqLqsG1bV
        jJdfKqm4UGX5XJblVyjAYUw9Gftv1Xfc4S0T3ftdIoV7u1LKduTIWXfgI2v4iGwQdcsaUWpRlYdG
        yy5TfHz4P8BNGHs9WWcCeVAjukgFYNCT/UVmD1jfp4Bx2gO71gFfAp6nbRA3W60QrJ76RK/pOuBb
        9dUvtkOtoGefrqODz59OT/i0Azxnfa0/gvKLc5cC0Ps5YbKzj/niMLsHagmd1bsbU7BHSlOYl5d3
        uos3FJz1tEf0bB4dNwdQYGjExaWsy9lhbvpK9SN+U6Dxxu/7BwA56Ok19XoJMady5ab2aQ70p473
        xd9OtV7yB/m5UEzb/jZtK4w5GGZqIVkjKsk6jhUbKzkaSa0Y6wYuvwEAAP//AwBCNISRZgMAAA==
    headers: {}
    status:
      code: 200
      message: OK
- request:
    body: ''
    headers:
      accept:
      - '*/*'
      accept-encoding:
      - gzip, deflate
      authorization:
      - ntn_...
      connection:
      - keep-alive
      host:
      - api.notion.com
      notion-version:
      - '2022-06-28'
    method: GET
    uri: https://api.notion.com/v1/blocks/16cabc1e-edcd-8121-8ca3-da8e66227463
  response:
    body:
      string: !!binary |
        H4sIAAAAAAAAA6ySwW7cIBCGXyWaSy8mwsZrMG/Qe0+pKmsMw5osAQfjqtFq373ybuKu1Bx66ImZ
        H/j5ZoYzpPGZTAENY0jmBBV4CxrqzuBoamJkjWWqbmqmDApmUVHXNY1sOwEVzJgpFtBnKG8zgYYZ
        jzR4e926RX97kWPjKFvmFD8I7GSPrYBLBSYTFrJD8S+bVcObltUNE/xbLbXoNOePnPMnqCDgUgay
        /t9Of/iObxvoXu+6UP4oV0p5cAIFU71wrBUO2dg1B9Z23HQ171sj1YZ4//B/sJtwGczkg80UQTsM
        C1WA2Uz+J9ld8HEoGZdpF/ZeZzxmnKfbIN5jfYbszTQU+lVAf98nc82r26LPYFIs19HB1y8vD/iw
        Gzxu/fXxBDquIVwqwBhTweJTXLaLYwp3aAWDN3u6lOxPVKac1uMf3DVaysFH2hWT7H0SUgYNlhyu
        oWx9mQNuRV9RP+ObMrl3vh+fGmR6XWkpt/9neimVVZIh9py1yimGxinm3KFHaUciI+DyGwAA//8D
        AInJpGYKAwAA
    headers: {}
    status:
      code: 200
      message: OK
- request:
    body: ''
    headers:
      accept:
      - '*/*'
      accept-encoding:
      - gzip, deflate
      authorization:
      - ntn_...
      connection:
      - keep-alive
      host:
      - api.notion.com
      notion-version:
      - '2022-06-28'
    method: DELETE
    uri: https://api.notion.com/v1/blocks/16cabc1e-edcd-8121-8ca3-da8e66227463
  response:
    body:
      string: !!binary |
        H4sIAAAAAAAAA6xSwY7bIBD9ldVcejErDAQc/qD3nlpV1hiGmIbFLsZVV1H+vXKysVbqHnroiXkD
        PN57wwWm4Qe5ChaGNLkzNBA9WGi1w8G1xMg7z7pWtKxzKJnHjrQWwigtoYEZC+UK9gL1dSawMOOJ
        +uhvW/fqby4KbBiMYqHjB4naHFFJuDbgCmEl39f4slEJLhRrBZP8S2us1JbzZ875V2gg4VJ78vHf
        Tj94h9dN6O53Xag87BpjDkGiZN1RBqZkQDZocWBKc6dbflTOdJvE9w//B7oRl96NMflCGWzAtFAD
        WNwYf5EHW8tKDcTc14LL+MB70gVPBefxPoa32l6gRDf2lX5XsN/2udxwc1/sBdyU621w8PnTyxM+
        7QTPW7oxn8HmNaVrA5jzVLHGKS/bxWFKflcaK6bodrjUEs9UxzKtp3HvrtlTSTHT3nGTfw/SVMCC
        p4Brqlsqc8LN803qR/rGQuFN3/cPCQr9XGmp99+nvPQdV4Ip0WqmqEN2JAxMmIPzRoVOBgfXPwAA
        AP//AwAlZlDpCAMAAA==
    headers: {}
    status:
      code: 200
      message: OK
- request:
    body: ''
    headers:
      accept:
      - '*/*'
      accept-encoding:
      - gzip, deflate
      authorization:
      - ntn_...
      connection:
      - keep-alive
      host:
      - api.notion.com
      notion-version:
      - '2022-06-28'
    method: DELETE
    uri: https://api.notion.com/v1/blocks/16cabc1e-edcd-81ef-bb74-f8053a679a43
  response:
    body:
      string: !!binary |
        H4sIAAAAAAAAAwAAAP//rFG7bsMwDPyVgrMZSNbL0ndk6mJQEl27dZPUVgoEQf69UJo0HTt0I8Hj
        8e54hn185VQgQJz36Q0amDIEkDZRTJKRc8rYSR4wRqdx6IRRZJ0nraCBAy28KxDOUE4HhgAHeuF+
        ytfRdxXAm0hCSovWOYs6SY+etUGj2TktzSBUhEsDaWEqnPsyvVeqVrQaZYtKbKULygYhNkKIZ2hg
        prX0nKe/oe+88VSF/vg9rrzc7TrnzKBIYefVgFoNhNG2BrUVyUrhdXJdlfj78D/QjbT2aZzmvPAO
        wkDzyg3QksbpkzOEshy5gWnXl4XW8d7fkr7u9TXlavHR1F9MZa6QLa/l6RHMk+xqMNpsTGe9NFXB
        wh9HXkt/e7pwTtgWpckKdWo9etsSRkpRkHdZSg+XLwAAAP//AwBoxBK5MwIAAA==
    headers: {}
    status:
      code: 200
      message: OK
version: 1
